
Microsoft Visual Studio Solution File, Format Version 12.00
# Visual Studio Version 16
VisualStudioVersion = 16.0.31624.102
MinimumVisualStudioVersion = 10.0.40219.1
Project("{9A19103F-16F7-4668-BE54-9A1E7A4F7556}") = "TestingPR5Test", "TestingPR5Test\TestingPR5Test.csproj", "{9902C7F3-979E-49C9-ABAF-ABCC3D576980}"
EndProject
Global
	GlobalSection(SolutionConfigurationPlatforms) = preSolution
		Debug|Any CPU = Debug|Any CPU
		Release|Any CPU = Release|Any CPU
	EndGlobalSection
	GlobalSection(ProjectConfigurationPlatforms) = postSolution
		{9902C7F3-979E-49C9-ABAF-ABCC3D576980}.Debug|Any CPU.ActiveCfg = Debug|Any CPU
		{9902C7F3-979E-49C9-ABAF-ABCC3D576980}.Debug|Any CPU.Build.0 = Debug|Any CPU
		{9902C7F3-979E-49C9-ABAF-ABCC3D576980}.Release|Any CPU.ActiveCfg = Release|Any CPU
		{9902C7F3-979E-49C9-ABAF-ABCC3D576980}.Release|Any CPU.Build.0 = Release|Any CPU
	EndGlobalSection
	GlobalSection(SolutionProperties) = preSolution
		HideSolutionNode = FALSE
	EndGlobalSection
	GlobalSection(ExtensibilityGlobals) = postSolution
		SolutionGuid = {06C430D5-A57A-442F-A003-72E87E3203A7}
	EndGlobalSection
EndGlobal
